{
  "name": "app-1",
  "version": "0.0.0",
  "lockfileVersion": 2,
  "requires": true,
  "packages": {
    "": {
      "name": "app-1",
      "version": "0.0.0",
      "dependencies": {
        "@tiptap/react": "^2.0.0-beta.114",
        "@tiptap/starter-kit": "^2.0.0-beta.191",
        "react": "^18.2.0",
        "react-dom": "^18.2.0"
      },
      "devDependencies": {
        "@types/react": "^18.0.15",
        "@types/react-dom": "^18.0.6",
        "@vitejs/plugin-react": "^2.0.0",
        "typescript": "^4.6.4",
        "vite": "^3.0.0"
      }
    },
    "../../node_modules/.pnpm/registry.npmmirror.com+@types+react-dom@18.0.6/node_modules/@types/react-dom": {
      "version": "18.0.6",
      "dev": true,
      "license": "MIT",
      "dependencies": {
        "@types/react": "*"
      }
    },
    "../../node_modules/.pnpm/registry.npmmirror.com+@types+react@18.0.15/node_modules/@types/react": {
      "version": "18.0.15",
      "dev": true,
      "license": "MIT",
      "dependencies": {
        "@types/prop-types": "*",
        "@types/scheduler": "*",
        "csstype": "^3.0.2"
      }
    },
    "../../node_modules/.pnpm/registry.npmmirror.com+@vitejs+plugin-react@2.0.0_vite@3.0.0/node_modules/@vitejs/plugin-react": {
      "version": "2.0.0",
      "dev": true,
      "license": "MIT",
      "dependencies": {
        "@babel/core": "^7.18.6",
        "@babel/plugin-transform-react-jsx": "^7.18.6",
        "@babel/plugin-transform-react-jsx-development": "^7.18.6",
        "@babel/plugin-transform-react-jsx-self": "^7.18.6",
        "@babel/plugin-transform-react-jsx-source": "^7.18.6",
        "magic-string": "^0.26.2",
        "react-refresh": "^0.14.0"
      },
      "devDependencies": {
        "vite": "workspace:*"
      },
      "engines": {
        "node": ">=14.18.0"
      },
      "peerDependencies": {
        "vite": "^3.0.0"
      }
    },
    "../../node_modules/.pnpm/registry.npmmirror.com+react-dom@18.2.0_react@18.2.0/node_modules/react-dom": {
      "version": "18.2.0",
      "license": "MIT",
      "dependencies": {
        "loose-envify": "^1.1.0",
        "scheduler": "^0.23.0"
      },
      "peerDependencies": {
        "react": "^18.2.0"
      }
    },
    "../../node_modules/.pnpm/registry.npmmirror.com+react@18.2.0/node_modules/react": {
      "version": "18.2.0",
      "license": "MIT",
      "dependencies": {
        "loose-envify": "^1.1.0"
      },
      "engines": {
        "node": ">=0.10.0"
      }
    },
    "../../node_modules/.pnpm/registry.npmmirror.com+typescript@4.7.4/node_modules/typescript": {
      "version": "4.7.4",
      "dev": true,
      "license": "Apache-2.0",
      "bin": {
        "tsc": "bin/tsc",
        "tsserver": "bin/tsserver"
      },
      "devDependencies": {
        "@octokit/rest": "latest",
        "@types/chai": "latest",
        "@types/convert-source-map": "latest",
        "@types/glob": "latest",
        "@types/gulp": "^4.0.9",
        "@types/gulp-concat": "latest",
        "@types/gulp-newer": "latest",
        "@types/gulp-rename": "0.0.33",
        "@types/gulp-sourcemaps": "0.0.32",
        "@types/merge2": "latest",
        "@types/microsoft__typescript-etw": "latest",
        "@types/minimatch": "latest",
        "@types/minimist": "latest",
        "@types/mkdirp": "latest",
        "@types/mocha": "latest",
        "@types/ms": "latest",
        "@types/node": "latest",
        "@types/node-fetch": "^2.3.4",
        "@types/q": "latest",
        "@types/source-map-support": "latest",
        "@types/xml2js": "^0.4.0",
        "@typescript-eslint/eslint-plugin": "^4.28.0",
        "@typescript-eslint/experimental-utils": "^4.28.0",
        "@typescript-eslint/parser": "^4.28.0",
        "async": "latest",
        "azure-devops-node-api": "^11.0.1",
        "chai": "latest",
        "chalk": "^4.1.2",
        "convert-source-map": "latest",
        "del": "5.1.0",
        "diff": "^4.0.2",
        "eslint": "7.12.1",
        "eslint-formatter-autolinkable-stylish": "1.1.4",
        "eslint-plugin-import": "2.22.1",
        "eslint-plugin-jsdoc": "30.7.6",
        "eslint-plugin-no-null": "1.0.2",
        "fancy-log": "latest",
        "fs-extra": "^9.0.0",
        "glob": "latest",
        "gulp": "^4.0.0",
        "gulp-concat": "latest",
        "gulp-insert": "latest",
        "gulp-newer": "latest",
        "gulp-rename": "latest",
        "gulp-sourcemaps": "latest",
        "merge2": "latest",
        "minimist": "latest",
        "mkdirp": "latest",
        "mocha": "latest",
        "mocha-fivemat-progress-reporter": "latest",
        "ms": "^2.1.3",
        "node-fetch": "^2.6.1",
        "prex": "^0.4.3",
        "q": "latest",
        "source-map-support": "latest",
        "typescript": "^4.5.5",
        "vinyl": "latest",
        "vinyl-sourcemaps-apply": "latest",
        "xml2js": "^0.4.19"
      },
      "engines": {
        "node": ">=4.2.0"
      }
    },
    "../../node_modules/.pnpm/registry.npmmirror.com+vite@3.0.0/node_modules/vite": {
      "version": "3.0.0",
      "dev": true,
      "license": "MIT",
      "dependencies": {
        "esbuild": "^0.14.47",
        "postcss": "^8.4.14",
        "resolve": "^1.22.1",
        "rollup": "^2.75.6"
      },
      "bin": {
        "vite": "bin/vite.js"
      },
      "devDependencies": {
        "@ampproject/remapping": "^2.2.0",
        "@babel/parser": "^7.18.8",
        "@babel/types": "^7.18.8",
        "@jridgewell/trace-mapping": "^0.3.14",
        "@rollup/plugin-alias": "^3.1.9",
        "@rollup/plugin-commonjs": "^22.0.1",
        "@rollup/plugin-dynamic-import-vars": "^1.4.3",
        "@rollup/plugin-json": "^4.1.0",
        "@rollup/plugin-node-resolve": "13.3.0",
        "@rollup/plugin-typescript": "^8.3.3",
        "@rollup/pluginutils": "^4.2.1",
        "@vue/compiler-dom": "^3.2.37",
        "acorn": "^8.7.1",
        "cac": "^6.7.12",
        "chokidar": "^3.5.3",
        "connect": "^3.7.0",
        "connect-history-api-fallback": "^2.0.0",
        "convert-source-map": "^1.8.0",
        "cors": "^2.8.5",
        "cross-spawn": "^7.0.3",
        "debug": "^4.3.4",
        "dotenv": "^14.3.2",
        "dotenv-expand": "^5.1.0",
        "es-module-lexer": "^0.10.5",
        "estree-walker": "^3.0.1",
        "etag": "^1.8.1",
        "fast-glob": "^3.2.11",
        "http-proxy": "^1.18.1",
        "json5": "^2.2.1",
        "launch-editor-middleware": "^2.4.0",
        "magic-string": "^0.26.2",
        "micromatch": "^4.0.5",
        "mlly": "^0.5.4",
        "mrmime": "^1.0.1",
        "okie": "^1.0.1",
        "open": "^8.4.0",
        "periscopic": "^3.0.4",
        "picocolors": "^1.0.0",
        "postcss-import": "^14.1.0",
        "postcss-load-config": "^4.0.1",
        "postcss-modules": "^4.3.1",
        "resolve.exports": "^1.1.0",
        "rollup-plugin-license": "^2.8.1",
        "sirv": "^2.0.2",
        "source-map-js": "^1.0.2",
        "source-map-support": "^0.5.21",
        "strip-ansi": "^7.0.1",
        "strip-literal": "^0.4.0",
        "tsconfck": "^2.0.1",
        "tslib": "^2.4.0",
        "types": "link:./types",
        "ufo": "^0.8.5",
        "ws": "^8.8.0"
      },
      "engines": {
        "node": ">=14.18.0"
      },
      "optionalDependencies": {
        "fsevents": "~2.3.2"
      },
      "peerDependencies": {
        "less": "*",
        "sass": "*",
        "stylus": "*",
        "terser": "^5.4.0"
      },
      "peerDependenciesMeta": {
        "less": {
          "optional": true
        },
        "sass": {
          "optional": true
        },
        "stylus": {
          "optional": true
        },
        "terser": {
          "optional": true
        }
      }
    },
    "node_modules/@popperjs/core": {
      "version": "2.11.5",
      "resolved": "https://registry.npmmirror.com/@popperjs/core/-/core-2.11.5.tgz",
      "integrity": "sha512-9X2obfABZuDVLCgPK9aX0a/x4jaOEweTTWE2+9sr0Qqqevj2Uv5XorvusThmc9XGYpS9yI+fhh8RTafBtGposw=="
    },
    "node_modules/@tiptap/core": {
      "version": "2.0.0-beta.182",
      "resolved": "https://registry.npmmirror.com/@tiptap/core/-/core-2.0.0-beta.182.tgz",
      "integrity": "sha512-MZGkMGnVnWhBzjvpBNwQ9zBz38ndi3Irbf90uCTSArR0kaCVkW4vmyuPuOXd+0SO8Yv/l5oyDdOCpaG3rnQYfw==",
      "dependencies": {
        "prosemirror-commands": "1.3.0",
        "prosemirror-keymap": "1.2.0",
        "prosemirror-model": "1.18.1",
        "prosemirror-schema-list": "1.2.0",
        "prosemirror-state": "1.4.1",
        "prosemirror-transform": "1.6.0",
        "prosemirror-view": "1.26.2"
      }
    },
    "node_modules/@tiptap/extension-blockquote": {
      "version": "2.0.0-beta.29",
      "resolved": "https://registry.npmmirror.com/@tiptap/extension-blockquote/-/extension-blockquote-2.0.0-beta.29.tgz",
      "integrity": "sha512-zMYT5TtpKWav9VhTn4JLyMvXmhEdbD6on0MdhcTjRm0I5ugyR4ZbJwh2aelM7G9DZVYzB8jZU18OSDJmo7Af7w==",
      "peerDependencies": {
        "@tiptap/core": "^2.0.0-beta.1"
      }
    },
    "node_modules/@tiptap/extension-bold": {
      "version": "2.0.0-beta.28",
      "resolved": "https://registry.npmmirror.com/@tiptap/extension-bold/-/extension-bold-2.0.0-beta.28.tgz",
      "integrity": "sha512-DY8GOzw9xjmTFrnvTbgHUNxTnDfKrkDgrhe0SUvdkT2udntWp8umPdhPiD3vczLgHOJw6tX68qMRjbsR1ZPcHQ==",
      "peerDependencies": {
        "@tiptap/core": "^2.0.0-beta.1"
      }
    },
    "node_modules/@tiptap/extension-bubble-menu": {
      "version": "2.0.0-beta.61",
      "resolved": "https://registry.npmmirror.com/@tiptap/extension-bubble-menu/-/extension-bubble-menu-2.0.0-beta.61.tgz",
      "integrity": "sha512-T3Yx+y1sUnXAJjK1CUfsQewSxOpDca9KzKqN2H9c9RZ9UlorR9XmZg6YYW7m9a7adeihj+o3cCO9jRd8dV+nnA==",
      "dependencies": {
        "prosemirror-state": "1.4.1",
        "prosemirror-view": "1.26.2",
        "tippy.js": "^6.3.7"
      },
      "peerDependencies": {
        "@tiptap/core": "^2.0.0-beta.1"
      }
    },
    "node_modules/@tiptap/extension-bullet-list": {
      "version": "2.0.0-beta.29",
      "resolved": "https://registry.npmmirror.com/@tiptap/extension-bullet-list/-/extension-bullet-list-2.0.0-beta.29.tgz",
      "integrity": "sha512-R8VB2l1ZB6VeGWx/t/04nBS5Wg3qjIDEZCpPihj2fccJOw99Lu0Ub2UJg/SfdGmeNNpBh4ZYYFv1g/XjyzlXKg==",
      "peerDependencies": {
        "@tiptap/core": "^2.0.0-beta.1"
      }
    },
    "node_modules/@tiptap/extension-code": {
      "version": "2.0.0-beta.28",
      "resolved": "https://registry.npmmirror.com/@tiptap/extension-code/-/extension-code-2.0.0-beta.28.tgz",
      "integrity": "sha512-QPJ2Gwb1+3NgcC1ZIhvVcb+FsnWWDu5VZXTKXM4mz892i9V2x48uHg5anPiUV6pcolXsW1F5VNbXIHGTUUO6CQ==",
      "peerDependencies": {
        "@tiptap/core": "^2.0.0-beta.1"
      }
    },
    "node_modules/@tiptap/extension-code-block": {
      "version": "2.0.0-beta.42",
      "resolved": "https://registry.npmmirror.com/@tiptap/extension-code-block/-/extension-code-block-2.0.0-beta.42.tgz",
      "integrity": "sha512-4wzLup4mI8w9ypIceekUV/8g41cQIPn31qs1iC9u1/JuTkjMj/tA+TFUyp6IMugLxoI/P2DlTztU6/6m7n9DyQ==",
      "dependencies": {
        "prosemirror-state": "1.4.1"
      },
      "peerDependencies": {
        "@tiptap/core": "^2.0.0-beta.1"
      }
    },
    "node_modules/@tiptap/extension-document": {
      "version": "2.0.0-beta.17",
      "resolved": "https://registry.npmmirror.com/@tiptap/extension-document/-/extension-document-2.0.0-beta.17.tgz",
      "integrity": "sha512-L6sg0FNchbtIpQkCSjMmItVGs3/vep8Fq56WRtDc1wBSGUSmtHaxQG7F2FZLnNIUMuvzVMRD81m2vYG73WkY6A==",
      "peerDependencies": {
        "@tiptap/core": "^2.0.0-beta.1"
      }
    },
    "node_modules/@tiptap/extension-dropcursor": {
      "version": "2.0.0-beta.29",
      "resolved": "https://registry.npmmirror.com/@tiptap/extension-dropcursor/-/extension-dropcursor-2.0.0-beta.29.tgz",
      "integrity": "sha512-I+joyoFB8pfdXUPLMqdNO08nlB5m2lbu0VQ5dpqdi/HzgVThMZPZA1cW0X8vAUvrALs5/JFRiFoR9hrLN5R5ng==",
      "dependencies": {
        "prosemirror-dropcursor": "1.5.0"
      },
      "peerDependencies": {
        "@tiptap/core": "^2.0.0-beta.1"
      }
    },
    "node_modules/@tiptap/extension-floating-menu": {
      "version": "2.0.0-beta.56",
      "resolved": "https://registry.npmmirror.com/@tiptap/extension-floating-menu/-/extension-floating-menu-2.0.0-beta.56.tgz",
      "integrity": "sha512-j/evHE/6UPGkIgXny9IGcAh0IrcnQmg0b2NBYebs2mqx9xYKYoe+0jVgNdLp/0M3MRgQCzyWTyatBDBFOUR2mw==",
      "dependencies": {
        "prosemirror-state": "1.4.1",
        "prosemirror-view": "1.26.2",
        "tippy.js": "^6.3.7"
      },
      "peerDependencies": {
        "@tiptap/core": "^2.0.0-beta.1"
      }
    },
    "node_modules/@tiptap/extension-gapcursor": {
      "version": "2.0.0-beta.39",
      "resolved": "https://registry.npmmirror.com/@tiptap/extension-gapcursor/-/extension-gapcursor-2.0.0-beta.39.tgz",
      "integrity": "sha512-oCyz5WEeQXrEIoa1WXaD52yf1EwMFCXaK1cVzFgUj8lkXJ+nJj+O/Zp0Mg+9/MVR0LYu/kifqVorKNXM4AFA/g==",
      "dependencies": {
        "prosemirror-gapcursor": "1.3.0"
      },
      "peerDependencies": {
        "@tiptap/core": "^2.0.0-beta.1"
      }
    },
    "node_modules/@tiptap/extension-hard-break": {
      "version": "2.0.0-beta.33",
      "resolved": "https://registry.npmmirror.com/@tiptap/extension-hard-break/-/extension-hard-break-2.0.0-beta.33.tgz",
      "integrity": "sha512-41xf0vSV9hcyTFd01ItLq/CjhjgmOFLCrO3UWN/P2E/cIxuDTyXcvjTE/KXeqRCOV3OYd9fVr0wO91hc8Ij1Yg==",
      "peerDependencies": {
        "@tiptap/core": "^2.0.0-beta.1"
      }
    },
    "node_modules/@tiptap/extension-heading": {
      "version": "2.0.0-beta.29",
      "resolved": "https://registry.npmmirror.com/@tiptap/extension-heading/-/extension-heading-2.0.0-beta.29.tgz",
      "integrity": "sha512-q92jYcsT5bPhvuQaB0h44Z9r+Ii22tDYo082KMVnR4+tknHT/3xx+p4JC8KHjh+/5W8Quyafqy6mS8L8VX0zsQ==",
      "peerDependencies": {
        "@tiptap/core": "^2.0.0-beta.1"
      }
    },
    "node_modules/@tiptap/extension-history": {
      "version": "2.0.0-beta.26",
      "resolved": "https://registry.npmmirror.com/@tiptap/extension-history/-/extension-history-2.0.0-beta.26.tgz",
      "integrity": "sha512-ly19uwvdmXG8Fw1KcavXIHi3Qx6JBASOR7394zghOEpW3atpY8nd/8I373rZ8eDUcGOClfaF7bCx2xvIotAAnw==",
      "dependencies": {
        "prosemirror-history": "1.3.0"
      },
      "peerDependencies": {
        "@tiptap/core": "^2.0.0-beta.1"
      }
    },
    "node_modules/@tiptap/extension-horizontal-rule": {
      "version": "2.0.0-beta.36",
      "resolved": "https://registry.npmmirror.com/@tiptap/extension-horizontal-rule/-/extension-horizontal-rule-2.0.0-beta.36.tgz",
      "integrity": "sha512-o+Zp7dcn3zAQhtlhZiFB69mTHuH3ZRbGEF7Cbf1D3uX1izotni5zIZbPaFFUT4r6OmVe/vDDt/nopfcGc10ktQ==",
      "dependencies": {
        "prosemirror-state": "1.4.1"
      },
      "peerDependencies": {
        "@tiptap/core": "^2.0.0-beta.1"
      }
    },
    "node_modules/@tiptap/extension-italic": {
      "version": "2.0.0-beta.28",
      "resolved": "https://registry.npmmirror.com/@tiptap/extension-italic/-/extension-italic-2.0.0-beta.28.tgz",
      "integrity": "sha512-/pKRiCfewh7nqiXRD3N4hQHfGrGNOiWPFYZfY35bSpvTms7PDb/MF7xT1CWW23hSpY31BBS+R/a66vlR/gqu7Q==",
      "peerDependencies": {
        "@tiptap/core": "^2.0.0-beta.1"
      }
    },
    "node_modules/@tiptap/extension-list-item": {
      "version": "2.0.0-beta.23",
      "resolved": "https://registry.npmmirror.com/@tiptap/extension-list-item/-/extension-list-item-2.0.0-beta.23.tgz",
      "integrity": "sha512-AkzvdELz3ZnrlZM0r9+ritBDOnAjXHR/8zCZhW0ZlWx4zyKPMsNG5ygivY+xr4QT65NEGRT8P8b2zOhXrMjjMQ==",
      "peerDependencies": {
        "@tiptap/core": "^2.0.0-beta.1"
      }
    },
    "node_modules/@tiptap/extension-ordered-list": {
      "version": "2.0.0-beta.30",
      "resolved": "https://registry.npmmirror.com/@tiptap/extension-ordered-list/-/extension-ordered-list-2.0.0-beta.30.tgz",
      "integrity": "sha512-GRxGQdq1u0Rp5N8TjthCqoZ//460m343A0HCN7UwfQOnX7Ipv0UJemwNkSHWrl7Pexym9vy3yPWgrn7oRRmgEw==",
      "peerDependencies": {
        "@tiptap/core": "^2.0.0-beta.1"
      }
    },
    "node_modules/@tiptap/extension-paragraph": {
      "version": "2.0.0-beta.26",
      "resolved": "https://registry.npmmirror.com/@tiptap/extension-paragraph/-/extension-paragraph-2.0.0-beta.26.tgz",
      "integrity": "sha512-WcYsuUa7LLfk0vi7I1dVjdMRu53B52FMMqd+UL1qPdDKVkU3DBsZVwPj+yyfQyqN8Mc/xyg9VacGaiKFLmWNDg==",
      "peerDependencies": {
        "@tiptap/core": "^2.0.0-beta.1"
      }
    },
    "node_modules/@tiptap/extension-strike": {
      "version": "2.0.0-beta.29",
      "resolved": "https://registry.npmmirror.com/@tiptap/extension-strike/-/extension-strike-2.0.0-beta.29.tgz",
      "integrity": "sha512-zqFuY7GfNmZ/KClt6kxQ+msGo3syqucP/Xnlihxi+/h/G+oTvEwyOIXCtDOltvxcsWH/TUsdr5vzLp0j+Mdc6Q==",
      "peerDependencies": {
        "@tiptap/core": "^2.0.0-beta.1"
      }
    },
    "node_modules/@tiptap/extension-text": {
      "version": "2.0.0-beta.17",
      "resolved": "https://registry.npmmirror.com/@tiptap/extension-text/-/extension-text-2.0.0-beta.17.tgz",
      "integrity": "sha512-OyKL+pqWJEtjyd9/mrsuY1kZh2b3LWpOQDWKtd4aWR4EA0efmQG+7FPwcIeAVEh7ZoqM+/ABCnPjN6IjzIrSfg==",
      "peerDependencies": {
        "@tiptap/core": "^2.0.0-beta.1"
      }
    },
    "node_modules/@tiptap/react": {
      "version": "2.0.0-beta.114",
      "resolved": "https://registry.npmmirror.com/@tiptap/react/-/react-2.0.0-beta.114.tgz",
      "integrity": "sha512-9JbRE+16WM6RxbBxzY74SrJtLodvjeRBnEbWxuhxVgGKxMunRj6r8oED87ODJgqLmkpofwE0KFHTPGdEXfdcKA==",
      "dependencies": {
        "@tiptap/extension-bubble-menu": "^2.0.0-beta.61",
        "@tiptap/extension-floating-menu": "^2.0.0-beta.56",
        "prosemirror-view": "1.26.2"
      },
      "peerDependencies": {
        "@tiptap/core": "^2.0.0-beta.1",
        "react": "^17.0.0 || ^18.0.0",
        "react-dom": "^17.0.0 || ^18.0.0"
      }
    },
    "node_modules/@tiptap/starter-kit": {
      "version": "2.0.0-beta.191",
      "resolved": "https://registry.npmmirror.com/@tiptap/starter-kit/-/starter-kit-2.0.0-beta.191.tgz",
      "integrity": "sha512-YRrBCi9W4jiH/xLTJJOCdD7pL4Wb98Ip8qCJ94RElShDj0O1i5tT9wWlgVWoGIU+CRAds5XENRwZ97sJ+YfYyg==",
      "dependencies": {
        "@tiptap/core": "^2.0.0-beta.182",
        "@tiptap/extension-blockquote": "^2.0.0-beta.29",
        "@tiptap/extension-bold": "^2.0.0-beta.28",
        "@tiptap/extension-bullet-list": "^2.0.0-beta.29",
        "@tiptap/extension-code": "^2.0.0-beta.28",
        "@tiptap/extension-code-block": "^2.0.0-beta.42",
        "@tiptap/extension-document": "^2.0.0-beta.17",
        "@tiptap/extension-dropcursor": "^2.0.0-beta.29",
        "@tiptap/extension-gapcursor": "^2.0.0-beta.39",
        "@tiptap/extension-hard-break": "^2.0.0-beta.33",
        "@tiptap/extension-heading": "^2.0.0-beta.29",
        "@tiptap/extension-history": "^2.0.0-beta.26",
        "@tiptap/extension-horizontal-rule": "^2.0.0-beta.36",
        "@tiptap/extension-italic": "^2.0.0-beta.28",
        "@tiptap/extension-list-item": "^2.0.0-beta.23",
        "@tiptap/extension-ordered-list": "^2.0.0-beta.30",
        "@tiptap/extension-paragraph": "^2.0.0-beta.26",
        "@tiptap/extension-strike": "^2.0.0-beta.29",
        "@tiptap/extension-text": "^2.0.0-beta.17"
      }
    },
    "node_modules/@types/react": {
      "resolved": "../../node_modules/.pnpm/registry.npmmirror.com+@types+react@18.0.15/node_modules/@types/react",
      "link": true
    },
    "node_modules/@types/react-dom": {
      "resolved": "../../node_modules/.pnpm/registry.npmmirror.com+@types+react-dom@18.0.6/node_modules/@types/react-dom",
      "link": true
    },
    "node_modules/@vitejs/plugin-react": {
      "resolved": "../../node_modules/.pnpm/registry.npmmirror.com+@vitejs+plugin-react@2.0.0_vite@3.0.0/node_modules/@vitejs/plugin-react",
      "link": true
    },
    "node_modules/orderedmap": {
      "version": "2.0.0",
      "resolved": "https://registry.npmmirror.com/orderedmap/-/orderedmap-2.0.0.tgz",
      "integrity": "sha512-buf4PoAMlh45b8a8gsGy/X6w279TSqkyAS0C0wdTSJwFSU+ljQFJON5I8NfjLHoCXwpSROIo2wr0g33T+kQshQ=="
    },
    "node_modules/prosemirror-commands": {
      "version": "1.3.0",
      "resolved": "https://registry.npmmirror.com/prosemirror-commands/-/prosemirror-commands-1.3.0.tgz",
      "integrity": "sha512-BwBbZ5OAScPcm0x7H8SPbqjuEJnCU2RJT9LDyOiiIl/3NbL1nJZI4SFNHwU2e/tRr2Xe7JsptpzseqvZvToLBQ==",
      "dependencies": {
        "prosemirror-model": "^1.0.0",
        "prosemirror-state": "^1.0.0",
        "prosemirror-transform": "^1.0.0"
      }
    },
    "node_modules/prosemirror-dropcursor": {
      "version": "1.5.0",
      "resolved": "https://registry.npmmirror.com/prosemirror-dropcursor/-/prosemirror-dropcursor-1.5.0.tgz",
      "integrity": "sha512-vy7i77ddKyXlu8kKBB3nlxLBnsWyKUmQIPB5x8RkYNh01QNp/qqGmdd5yZefJs0s3rtv5r7Izfu2qbtr+tYAMQ==",
      "dependencies": {
        "prosemirror-state": "^1.0.0",
        "prosemirror-transform": "^1.1.0",
        "prosemirror-view": "^1.1.0"
      }
    },
    "node_modules/prosemirror-gapcursor": {
      "version": "1.3.0",
      "resolved": "https://registry.npmmirror.com/prosemirror-gapcursor/-/prosemirror-gapcursor-1.3.0.tgz",
      "integrity": "sha512-9Tdx83xB2W4Oqchm12FtCkSizbqvi64cjs1I9TRPblqdA5TUWoVZ4ZI+t71Jh6HSEh4cDMPzx3UwfryJtKlb/w==",
      "dependencies": {
        "prosemirror-keymap": "^1.0.0",
        "prosemirror-model": "^1.0.0",
        "prosemirror-state": "^1.0.0",
        "prosemirror-view": "^1.0.0"
      }
    },
    "node_modules/prosemirror-history": {
      "version": "1.3.0",
      "resolved": "https://registry.npmmirror.com/prosemirror-history/-/prosemirror-history-1.3.0.tgz",
      "integrity": "sha512-qo/9Wn4B/Bq89/YD+eNWFbAytu6dmIM85EhID+fz9Jcl9+DfGEo8TTSrRhP15+fFEoaPqpHSxlvSzSEbmlxlUA==",
      "dependencies": {
        "prosemirror-state": "^1.2.2",
        "prosemirror-transform": "^1.0.0",
        "rope-sequence": "^1.3.0"
      }
    },
    "node_modules/prosemirror-keymap": {
      "version": "1.2.0",
      "resolved": "https://registry.npmmirror.com/prosemirror-keymap/-/prosemirror-keymap-1.2.0.tgz",
      "integrity": "sha512-TdSfu+YyLDd54ufN/ZeD1VtBRYpgZnTPnnbY+4R08DDgs84KrIPEPbJL8t1Lm2dkljFx6xeBE26YWH3aIzkPKg==",
      "dependencies": {
        "prosemirror-state": "^1.0.0",
        "w3c-keyname": "^2.2.0"
      }
    },
    "node_modules/prosemirror-model": {
      "version": "1.18.1",
      "resolved": "https://registry.npmmirror.com/prosemirror-model/-/prosemirror-model-1.18.1.tgz",
      "integrity": "sha512-IxSVBKAEMjD7s3n8cgtwMlxAXZrC7Mlag7zYsAKDndAqnDScvSmp/UdnRTV/B33lTCVU3CCm7dyAn/rVVD0mcw==",
      "dependencies": {
        "orderedmap": "^2.0.0"
      }
    },
    "node_modules/prosemirror-schema-list": {
      "version": "1.2.0",
      "resolved": "https://registry.npmmirror.com/prosemirror-schema-list/-/prosemirror-schema-list-1.2.0.tgz",
      "integrity": "sha512-8PT/9xOx1HHdC7fDNNfhQ50Z8Mzu7nKyA1KCDltSpcZVZIbB0k7KtsHrnXyuIhbLlScoymBiLZ00c5MH6wdFsA==",
      "dependencies": {
        "prosemirror-model": "^1.0.0",
        "prosemirror-state": "^1.0.0",
        "prosemirror-transform": "^1.0.0"
      }
    },
    "node_modules/prosemirror-state": {
      "version": "1.4.1",
      "resolved": "https://registry.npmmirror.com/prosemirror-state/-/prosemirror-state-1.4.1.tgz",
      "integrity": "sha512-U/LBDW2gNmVa07sz/D229XigSdDQ5CLFwVB1Vb32MJbAHHhWe/6pOc721faI17tqw4pZ49i1xfY/jEZ9tbIhPg==",
      "dependencies": {
        "prosemirror-model": "^1.0.0",
        "prosemirror-transform": "^1.0.0"
      }
    },
    "node_modules/prosemirror-transform": {
      "version": "1.6.0",
      "resolved": "https://registry.npmmirror.com/prosemirror-transform/-/prosemirror-transform-1.6.0.tgz",
      "integrity": "sha512-MAp7AjsjEGEqQY0sSMufNIUuEyB1ZR9Fqlm8dTwwWwpEJRv/plsKjWXBbx52q3Ml8MtaMcd7ic14zAHVB3WaMw==",
      "dependencies": {
        "prosemirror-model": "^1.0.0"
      }
    },
    "node_modules/prosemirror-view": {
      "version": "1.26.2",
      "resolved": "https://registry.npmmirror.com/prosemirror-view/-/prosemirror-view-1.26.2.tgz",
      "integrity": "sha512-CGKw+GadkfSBEwRAJTHCEKJ4DlV6/3IhAdjpwGyZHUHtbP7jX4Ol4zmi7xa2c6GOabDlIJLYXJydoNYLX7lNeQ==",
      "dependencies": {
        "prosemirror-model": "^1.16.0",
        "prosemirror-state": "^1.0.0",
        "prosemirror-transform": "^1.1.0"
      }
    },
    "node_modules/react": {
      "resolved": "../../node_modules/.pnpm/registry.npmmirror.com+react@18.2.0/node_modules/react",
      "link": true
    },
    "node_modules/react-dom": {
      "resolved": "../../node_modules/.pnpm/registry.npmmirror.com+react-dom@18.2.0_react@18.2.0/node_modules/react-dom",
      "link": true
    },
    "node_modules/rope-sequence": {
      "version": "1.3.3",
      "resolved": "https://registry.npmmirror.com/rope-sequence/-/rope-sequence-1.3.3.tgz",
      "integrity": "sha512-85aZYCxweiD5J8yTEbw+E6A27zSnLPNDL0WfPdw3YYodq7WjnTKo0q4dtyQ2gz23iPT8Q9CUyJtAaUNcTxRf5Q=="
    },
    "node_modules/tippy.js": {
      "version": "6.3.7",
      "resolved": "https://registry.npmmirror.com/tippy.js/-/tippy.js-6.3.7.tgz",
      "integrity": "sha512-E1d3oP2emgJ9dRQZdf3Kkn0qJgI6ZLpyS5z6ZkY1DF3kaQaBsGZsndEpHwx+eC+tYM41HaSNvNtLx8tU57FzTQ==",
      "dependencies": {
        "@popperjs/core": "^2.9.0"
      }
    },
    "node_modules/typescript": {
      "resolved": "../../node_modules/.pnpm/registry.npmmirror.com+typescript@4.7.4/node_modules/typescript",
      "link": true
    },
    "node_modules/vite": {
      "resolved": "../../node_modules/.pnpm/registry.npmmirror.com+vite@3.0.0/node_modules/vite",
      "link": true
    },
    "node_modules/w3c-keyname": {
      "version": "2.2.4",
      "resolved": "https://registry.npmmirror.com/w3c-keyname/-/w3c-keyname-2.2.4.tgz",
      "integrity": "sha512-tOhfEwEzFLJzf6d1ZPkYfGj+FWhIpBux9ppoP3rlclw3Z0BZv3N7b7030Z1kYth+6rDuAsXUFr+d0VE6Ed1ikw=="
    }
  },
  "dependencies": {
    "@popperjs/core": {
      "version": "2.11.5",
      "resolved": "https://registry.npmmirror.com/@popperjs/core/-/core-2.11.5.tgz",
      "integrity": "sha512-9X2obfABZuDVLCgPK9aX0a/x4jaOEweTTWE2+9sr0Qqqevj2Uv5XorvusThmc9XGYpS9yI+fhh8RTafBtGposw=="
    },
    "@tiptap/core": {
      "version": "2.0.0-beta.182",
      "resolved": "https://registry.npmmirror.com/@tiptap/core/-/core-2.0.0-beta.182.tgz",
      "integrity": "sha512-MZGkMGnVnWhBzjvpBNwQ9zBz38ndi3Irbf90uCTSArR0kaCVkW4vmyuPuOXd+0SO8Yv/l5oyDdOCpaG3rnQYfw==",
      "requires": {
        "prosemirror-commands": "1.3.0",
        "prosemirror-keymap": "1.2.0",
        "prosemirror-model": "1.18.1",
        "prosemirror-schema-list": "1.2.0",
        "prosemirror-state": "1.4.1",
        "prosemirror-transform": "1.6.0",
        "prosemirror-view": "1.26.2"
      }
    },
    "@tiptap/extension-blockquote": {
      "version": "2.0.0-beta.29",
      "resolved": "https://registry.npmmirror.com/@tiptap/extension-blockquote/-/extension-blockquote-2.0.0-beta.29.tgz",
      "integrity": "sha512-zMYT5TtpKWav9VhTn4JLyMvXmhEdbD6on0MdhcTjRm0I5ugyR4ZbJwh2aelM7G9DZVYzB8jZU18OSDJmo7Af7w==",
      "requires": {}
    },
    "@tiptap/extension-bold": {
      "version": "2.0.0-beta.28",
      "resolved": "https://registry.npmmirror.com/@tiptap/extension-bold/-/extension-bold-2.0.0-beta.28.tgz",
      "integrity": "sha512-DY8GOzw9xjmTFrnvTbgHUNxTnDfKrkDgrhe0SUvdkT2udntWp8umPdhPiD3vczLgHOJw6tX68qMRjbsR1ZPcHQ==",
      "requires": {}
    },
    "@tiptap/extension-bubble-menu": {
      "version": "2.0.0-beta.61",
      "resolved": "https://registry.npmmirror.com/@tiptap/extension-bubble-menu/-/extension-bubble-menu-2.0.0-beta.61.tgz",
      "integrity": "sha512-T3Yx+y1sUnXAJjK1CUfsQewSxOpDca9KzKqN2H9c9RZ9UlorR9XmZg6YYW7m9a7adeihj+o3cCO9jRd8dV+nnA==",
      "requires": {
        "prosemirror-state": "1.4.1",
        "prosemirror-view": "1.26.2",
        "tippy.js": "^6.3.7"
      }
    },
    "@tiptap/extension-bullet-list": {
      "version": "2.0.0-beta.29",
      "resolved": "https://registry.npmmirror.com/@tiptap/extension-bullet-list/-/extension-bullet-list-2.0.0-beta.29.tgz",
      "integrity": "sha512-R8VB2l1ZB6VeGWx/t/04nBS5Wg3qjIDEZCpPihj2fccJOw99Lu0Ub2UJg/SfdGmeNNpBh4ZYYFv1g/XjyzlXKg==",
      "requires": {}
    },
    "@tiptap/extension-code": {
      "version": "2.0.0-beta.28",
      "resolved": "https://registry.npmmirror.com/@tiptap/extension-code/-/extension-code-2.0.0-beta.28.tgz",
      "integrity": "sha512-QPJ2Gwb1+3NgcC1ZIhvVcb+FsnWWDu5VZXTKXM4mz892i9V2x48uHg5anPiUV6pcolXsW1F5VNbXIHGTUUO6CQ==",
      "requires": {}
    },
    "@tiptap/extension-code-block": {
      "version": "2.0.0-beta.42",
      "resolved": "https://registry.npmmirror.com/@tiptap/extension-code-block/-/extension-code-block-2.0.0-beta.42.tgz",
      "integrity": "sha512-4wzLup4mI8w9ypIceekUV/8g41cQIPn31qs1iC9u1/JuTkjMj/tA+TFUyp6IMugLxoI/P2DlTztU6/6m7n9DyQ==",
      "requires": {
        "prosemirror-state": "1.4.1"
      }
    },
    "@tiptap/extension-document": {
      "version": "2.0.0-beta.17",
      "resolved": "https://registry.npmmirror.com/@tiptap/extension-document/-/extension-document-2.0.0-beta.17.tgz",
      "integrity": "sha512-L6sg0FNchbtIpQkCSjMmItVGs3/vep8Fq56WRtDc1wBSGUSmtHaxQG7F2FZLnNIUMuvzVMRD81m2vYG73WkY6A==",
      "requires": {}
    },
    "@tiptap/extension-dropcursor": {
      "version": "2.0.0-beta.29",
      "resolved": "https://registry.npmmirror.com/@tiptap/extension-dropcursor/-/extension-dropcursor-2.0.0-beta.29.tgz",
      "integrity": "sha512-I+joyoFB8pfdXUPLMqdNO08nlB5m2lbu0VQ5dpqdi/HzgVThMZPZA1cW0X8vAUvrALs5/JFRiFoR9hrLN5R5ng==",
      "requires": {
        "prosemirror-dropcursor": "1.5.0"
      }
    },
    "@tiptap/extension-floating-menu": {
      "version": "2.0.0-beta.56",
      "resolved": "https://registry.npmmirror.com/@tiptap/extension-floating-menu/-/extension-floating-menu-2.0.0-beta.56.tgz",
      "integrity": "sha512-j/evHE/6UPGkIgXny9IGcAh0IrcnQmg0b2NBYebs2mqx9xYKYoe+0jVgNdLp/0M3MRgQCzyWTyatBDBFOUR2mw==",
      "requires": {
        "prosemirror-state": "1.4.1",
        "prosemirror-view": "1.26.2",
        "tippy.js": "^6.3.7"
      }
    },
    "@tiptap/extension-gapcursor": {
      "version": "2.0.0-beta.39",
      "resolved": "https://registry.npmmirror.com/@tiptap/extension-gapcursor/-/extension-gapcursor-2.0.0-beta.39.tgz",
      "integrity": "sha512-oCyz5WEeQXrEIoa1WXaD52yf1EwMFCXaK1cVzFgUj8lkXJ+nJj+O/Zp0Mg+9/MVR0LYu/kifqVorKNXM4AFA/g==",
      "requires": {
        "prosemirror-gapcursor": "1.3.0"
      }
    },
    "@tiptap/extension-hard-break": {
      "version": "2.0.0-beta.33",
      "resolved": "https://registry.npmmirror.com/@tiptap/extension-hard-break/-/extension-hard-break-2.0.0-beta.33.tgz",
      "integrity": "sha512-41xf0vSV9hcyTFd01ItLq/CjhjgmOFLCrO3UWN/P2E/cIxuDTyXcvjTE/KXeqRCOV3OYd9fVr0wO91hc8Ij1Yg==",
      "requires": {}
    },
    "@tiptap/extension-heading": {
      "version": "2.0.0-beta.29",
      "resolved": "https://registry.npmmirror.com/@tiptap/extension-heading/-/extension-heading-2.0.0-beta.29.tgz",
      "integrity": "sha512-q92jYcsT5bPhvuQaB0h44Z9r+Ii22tDYo082KMVnR4+tknHT/3xx+p4JC8KHjh+/5W8Quyafqy6mS8L8VX0zsQ==",
      "requires": {}
    },
    "@tiptap/extension-history": {
      "version": "2.0.0-beta.26",
      "resolved": "https://registry.npmmirror.com/@tiptap/extension-history/-/extension-history-2.0.0-beta.26.tgz",
      "integrity": "sha512-ly19uwvdmXG8Fw1KcavXIHi3Qx6JBASOR7394zghOEpW3atpY8nd/8I373rZ8eDUcGOClfaF7bCx2xvIotAAnw==",
      "requires": {
        "prosemirror-history": "1.3.0"
      }
    },
    "@tiptap/extension-horizontal-rule": {
      "version": "2.0.0-beta.36",
      "resolved": "https://registry.npmmirror.com/@tiptap/extension-horizontal-rule/-/extension-horizontal-rule-2.0.0-beta.36.tgz",
      "integrity": "sha512-o+Zp7dcn3zAQhtlhZiFB69mTHuH3ZRbGEF7Cbf1D3uX1izotni5zIZbPaFFUT4r6OmVe/vDDt/nopfcGc10ktQ==",
      "requires": {
        "prosemirror-state": "1.4.1"
      }
    },
    "@tiptap/extension-italic": {
      "version": "2.0.0-beta.28",
      "resolved": "https://registry.npmmirror.com/@tiptap/extension-italic/-/extension-italic-2.0.0-beta.28.tgz",
      "integrity": "sha512-/pKRiCfewh7nqiXRD3N4hQHfGrGNOiWPFYZfY35bSpvTms7PDb/MF7xT1CWW23hSpY31BBS+R/a66vlR/gqu7Q==",
      "requires": {}
    },
    "@tiptap/extension-list-item": {
      "version": "2.0.0-beta.23",
      "resolved": "https://registry.npmmirror.com/@tiptap/extension-list-item/-/extension-list-item-2.0.0-beta.23.tgz",
      "integrity": "sha512-AkzvdELz3ZnrlZM0r9+ritBDOnAjXHR/8zCZhW0ZlWx4zyKPMsNG5ygivY+xr4QT65NEGRT8P8b2zOhXrMjjMQ==",
      "requires": {}
    },
    "@tiptap/extension-ordered-list": {
      "version": "2.0.0-beta.30",
      "resolved": "https://registry.npmmirror.com/@tiptap/extension-ordered-list/-/extension-ordered-list-2.0.0-beta.30.tgz",
      "integrity": "sha512-GRxGQdq1u0Rp5N8TjthCqoZ//460m343A0HCN7UwfQOnX7Ipv0UJemwNkSHWrl7Pexym9vy3yPWgrn7oRRmgEw==",
      "requires": {}
    },
    "@tiptap/extension-paragraph": {
      "version": "2.0.0-beta.26",
      "resolved": "https://registry.npmmirror.com/@tiptap/extension-paragraph/-/extension-paragraph-2.0.0-beta.26.tgz",
      "integrity": "sha512-WcYsuUa7LLfk0vi7I1dVjdMRu53B52FMMqd+UL1qPdDKVkU3DBsZVwPj+yyfQyqN8Mc/xyg9VacGaiKFLmWNDg==",
      "requires": {}
    },
    "@tiptap/extension-strike": {
      "version": "2.0.0-beta.29",
      "resolved": "https://registry.npmmirror.com/@tiptap/extension-strike/-/extension-strike-2.0.0-beta.29.tgz",
      "integrity": "sha512-zqFuY7GfNmZ/KClt6kxQ+msGo3syqucP/Xnlihxi+/h/G+oTvEwyOIXCtDOltvxcsWH/TUsdr5vzLp0j+Mdc6Q==",
      "requires": {}
    },
    "@tiptap/extension-text": {
      "version": "2.0.0-beta.17",
      "resolved": "https://registry.npmmirror.com/@tiptap/extension-text/-/extension-text-2.0.0-beta.17.tgz",
      "integrity": "sha512-OyKL+pqWJEtjyd9/mrsuY1kZh2b3LWpOQDWKtd4aWR4EA0efmQG+7FPwcIeAVEh7ZoqM+/ABCnPjN6IjzIrSfg==",
      "requires": {}
    },
    "@tiptap/react": {
      "version": "2.0.0-beta.114",
      "resolved": "https://registry.npmmirror.com/@tiptap/react/-/react-2.0.0-beta.114.tgz",
      "integrity": "sha512-9JbRE+16WM6RxbBxzY74SrJtLodvjeRBnEbWxuhxVgGKxMunRj6r8oED87ODJgqLmkpofwE0KFHTPGdEXfdcKA==",
      "requires": {
        "@tiptap/extension-bubble-menu": "^2.0.0-beta.61",
        "@tiptap/extension-floating-menu": "^2.0.0-beta.56",
        "prosemirror-view": "1.26.2"
      }
    },
    "@tiptap/starter-kit": {
      "version": "2.0.0-beta.191",
      "resolved": "https://registry.npmmirror.com/@tiptap/starter-kit/-/starter-kit-2.0.0-beta.191.tgz",
      "integrity": "sha512-YRrBCi9W4jiH/xLTJJOCdD7pL4Wb98Ip8qCJ94RElShDj0O1i5tT9wWlgVWoGIU+CRAds5XENRwZ97sJ+YfYyg==",
      "requires": {
        "@tiptap/core": "^2.0.0-beta.182",
        "@tiptap/extension-blockquote": "^2.0.0-beta.29",
        "@tiptap/extension-bold": "^2.0.0-beta.28",
        "@tiptap/extension-bullet-list": "^2.0.0-beta.29",
        "@tiptap/extension-code": "^2.0.0-beta.28",
        "@tiptap/extension-code-block": "^2.0.0-beta.42",
        "@tiptap/extension-document": "^2.0.0-beta.17",
        "@tiptap/extension-dropcursor": "^2.0.0-beta.29",
        "@tiptap/extension-gapcursor": "^2.0.0-beta.39",
        "@tiptap/extension-hard-break": "^2.0.0-beta.33",
        "@tiptap/extension-heading": "^2.0.0-beta.29",
        "@tiptap/extension-history": "^2.0.0-beta.26",
        "@tiptap/extension-horizontal-rule": "^2.0.0-beta.36",
        "@tiptap/extension-italic": "^2.0.0-beta.28",
        "@tiptap/extension-list-item": "^2.0.0-beta.23",
        "@tiptap/extension-ordered-list": "^2.0.0-beta.30",
        "@tiptap/extension-paragraph": "^2.0.0-beta.26",
        "@tiptap/extension-strike": "^2.0.0-beta.29",
        "@tiptap/extension-text": "^2.0.0-beta.17"
      }
    },
    "@types/react": {
      "version": "file:../../node_modules/.pnpm/registry.npmmirror.com+@types+react@18.0.15/node_modules/@types/react",
      "requires": {
        "@types/prop-types": "*",
        "@types/scheduler": "*",
        "csstype": "^3.0.2"
      }
    },
    "@types/react-dom": {
      "version": "file:../../node_modules/.pnpm/registry.npmmirror.com+@types+react-dom@18.0.6/node_modules/@types/react-dom",
      "requires": {
        "@types/react": "*"
      }
    },
    "@vitejs/plugin-react": {
      "version": "file:../../node_modules/.pnpm/registry.npmmirror.com+@vitejs+plugin-react@2.0.0_vite@3.0.0/node_modules/@vitejs/plugin-react",
      "requires": {
        "@babel/core": "^7.18.6",
        "@babel/plugin-transform-react-jsx": "^7.18.6",
        "@babel/plugin-transform-react-jsx-development": "^7.18.6",
        "@babel/plugin-transform-react-jsx-self": "^7.18.6",
        "@babel/plugin-transform-react-jsx-source": "^7.18.6",
        "magic-string": "^0.26.2",
        "react-refresh": "^0.14.0",
        "vite": "workspace:*"
      }
    },
    "orderedmap": {
      "version": "2.0.0",
      "resolved": "https://registry.npmmirror.com/orderedmap/-/orderedmap-2.0.0.tgz",
      "integrity": "sha512-buf4PoAMlh45b8a8gsGy/X6w279TSqkyAS0C0wdTSJwFSU+ljQFJON5I8NfjLHoCXwpSROIo2wr0g33T+kQshQ=="
    },
    "prosemirror-commands": {
      "version": "1.3.0",
      "resolved": "https://registry.npmmirror.com/prosemirror-commands/-/prosemirror-commands-1.3.0.tgz",
      "integrity": "sha512-BwBbZ5OAScPcm0x7H8SPbqjuEJnCU2RJT9LDyOiiIl/3NbL1nJZI4SFNHwU2e/tRr2Xe7JsptpzseqvZvToLBQ==",
      "requires": {
        "prosemirror-model": "^1.0.0",
        "prosemirror-state": "^1.0.0",
        "prosemirror-transform": "^1.0.0"
      }
    },
    "prosemirror-dropcursor": {
      "version": "1.5.0",
      "resolved": "https://registry.npmmirror.com/prosemirror-dropcursor/-/prosemirror-dropcursor-1.5.0.tgz",
      "integrity": "sha512-vy7i77ddKyXlu8kKBB3nlxLBnsWyKUmQIPB5x8RkYNh01QNp/qqGmdd5yZefJs0s3rtv5r7Izfu2qbtr+tYAMQ==",
      "requires": {
        "prosemirror-state": "^1.0.0",
        "prosemirror-transform": "^1.1.0",
        "prosemirror-view": "^1.1.0"
      }
    },
    "prosemirror-gapcursor": {
      "version": "1.3.0",
      "resolved": "https://registry.npmmirror.com/prosemirror-gapcursor/-/prosemirror-gapcursor-1.3.0.tgz",
      "integrity": "sha512-9Tdx83xB2W4Oqchm12FtCkSizbqvi64cjs1I9TRPblqdA5TUWoVZ4ZI+t71Jh6HSEh4cDMPzx3UwfryJtKlb/w==",
      "requires": {
        "prosemirror-keymap": "^1.0.0",
        "prosemirror-model": "^1.0.0",
        "prosemirror-state": "^1.0.0",
        "prosemirror-view": "^1.0.0"
      }
    },
    "prosemirror-history": {
      "version": "1.3.0",
      "resolved": "https://registry.npmmirror.com/prosemirror-history/-/prosemirror-history-1.3.0.tgz",
      "integrity": "sha512-qo/9Wn4B/Bq89/YD+eNWFbAytu6dmIM85EhID+fz9Jcl9+DfGEo8TTSrRhP15+fFEoaPqpHSxlvSzSEbmlxlUA==",
      "requires": {
        "prosemirror-state": "^1.2.2",
        "prosemirror-transform": "^1.0.0",
        "rope-sequence": "^1.3.0"
      }
    },
    "prosemirror-keymap": {
      "version": "1.2.0",
      "resolved": "https://registry.npmmirror.com/prosemirror-keymap/-/prosemirror-keymap-1.2.0.tgz",
      "integrity": "sha512-TdSfu+YyLDd54ufN/ZeD1VtBRYpgZnTPnnbY+4R08DDgs84KrIPEPbJL8t1Lm2dkljFx6xeBE26YWH3aIzkPKg==",
      "requires": {
        "prosemirror-state": "^1.0.0",
        "w3c-keyname": "^2.2.0"
      }
    },
    "prosemirror-model": {
      "version": "1.18.1",
      "resolved": "https://registry.npmmirror.com/prosemirror-model/-/prosemirror-model-1.18.1.tgz",
      "integrity": "sha512-IxSVBKAEMjD7s3n8cgtwMlxAXZrC7Mlag7zYsAKDndAqnDScvSmp/UdnRTV/B33lTCVU3CCm7dyAn/rVVD0mcw==",
      "requires": {
        "orderedmap": "^2.0.0"
      }
    },
    "prosemirror-schema-list": {
      "version": "1.2.0",
      "resolved": "https://registry.npmmirror.com/prosemirror-schema-list/-/prosemirror-schema-list-1.2.0.tgz",
      "integrity": "sha512-8PT/9xOx1HHdC7fDNNfhQ50Z8Mzu7nKyA1KCDltSpcZVZIbB0k7KtsHrnXyuIhbLlScoymBiLZ00c5MH6wdFsA==",
      "requires": {
        "prosemirror-model": "^1.0.0",
        "prosemirror-state": "^1.0.0",
        "prosemirror-transform": "^1.0.0"
      }
    },
    "prosemirror-state": {
      "version": "1.4.1",
      "resolved": "https://registry.npmmirror.com/prosemirror-state/-/prosemirror-state-1.4.1.tgz",
      "integrity": "sha512-U/LBDW2gNmVa07sz/D229XigSdDQ5CLFwVB1Vb32MJbAHHhWe/6pOc721faI17tqw4pZ49i1xfY/jEZ9tbIhPg==",
      "requires": {
        "prosemirror-model": "^1.0.0",
        "prosemirror-transform": "^1.0.0"
      }
    },
    "prosemirror-transform": {
      "version": "1.6.0",
      "resolved": "https://registry.npmmirror.com/prosemirror-transform/-/prosemirror-transform-1.6.0.tgz",
      "integrity": "sha512-MAp7AjsjEGEqQY0sSMufNIUuEyB1ZR9Fqlm8dTwwWwpEJRv/plsKjWXBbx52q3Ml8MtaMcd7ic14zAHVB3WaMw==",
      "requires": {
        "prosemirror-model": "^1.0.0"
      }
    },
    "prosemirror-view": {
      "version": "1.26.2",
      "resolved": "https://registry.npmmirror.com/prosemirror-view/-/prosemirror-view-1.26.2.tgz",
      "integrity": "sha512-CGKw+GadkfSBEwRAJTHCEKJ4DlV6/3IhAdjpwGyZHUHtbP7jX4Ol4zmi7xa2c6GOabDlIJLYXJydoNYLX7lNeQ==",
      "requires": {
        "prosemirror-model": "^1.16.0",
        "prosemirror-state": "^1.0.0",
        "prosemirror-transform": "^1.1.0"
      }
    },
    "react": {
      "version": "file:../../node_modules/.pnpm/registry.npmmirror.com+react@18.2.0/node_modules/react",
      "requires": {
        "loose-envify": "^1.1.0"
      }
    },
    "react-dom": {
      "version": "file:../../node_modules/.pnpm/registry.npmmirror.com+react-dom@18.2.0_react@18.2.0/node_modules/react-dom",
      "requires": {
        "loose-envify": "^1.1.0",
        "scheduler": "^0.23.0"
      }
    },
    "rope-sequence": {
      "version": "1.3.3",
      "resolved": "https://registry.npmmirror.com/rope-sequence/-/rope-sequence-1.3.3.tgz",
      "integrity": "sha512-85aZYCxweiD5J8yTEbw+E6A27zSnLPNDL0WfPdw3YYodq7WjnTKo0q4dtyQ2gz23iPT8Q9CUyJtAaUNcTxRf5Q=="
    },
    "tippy.js": {
      "version": "6.3.7",
      "resolved": "https://registry.npmmirror.com/tippy.js/-/tippy.js-6.3.7.tgz",
      "integrity": "sha512-E1d3oP2emgJ9dRQZdf3Kkn0qJgI6ZLpyS5z6ZkY1DF3kaQaBsGZsndEpHwx+eC+tYM41HaSNvNtLx8tU57FzTQ==",
      "requires": {
        "@popperjs/core": "^2.9.0"
      }
    },
    "typescript": {
      "version": "file:../../node_modules/.pnpm/registry.npmmirror.com+typescript@4.7.4/node_modules/typescript",
      "requires": {
        "@octokit/rest": "latest",
        "@types/chai": "latest",
        "@types/convert-source-map": "latest",
        "@types/glob": "latest",
        "@types/gulp": "^4.0.9",
        "@types/gulp-concat": "latest",
        "@types/gulp-newer": "latest",
        "@types/gulp-rename": "0.0.33",
        "@types/gulp-sourcemaps": "0.0.32",
        "@types/merge2": "latest",
        "@types/microsoft__typescript-etw": "latest",
        "@types/minimatch": "latest",
        "@types/minimist": "latest",
        "@types/mkdirp": "latest",
        "@types/mocha": "latest",
        "@types/ms": "latest",
        "@types/node": "latest",
        "@types/node-fetch": "^2.3.4",
        "@types/q": "latest",
        "@types/source-map-support": "latest",
        "@types/xml2js": "^0.4.0",
        "@typescript-eslint/eslint-plugin": "^4.28.0",
        "@typescript-eslint/experimental-utils": "^4.28.0",
        "@typescript-eslint/parser": "^4.28.0",
        "async": "latest",
        "azure-devops-node-api": "^11.0.1",
        "chai": "latest",
        "chalk": "^4.1.2",
        "convert-source-map": "latest",
        "del": "5.1.0",
        "diff": "^4.0.2",
        "eslint": "7.12.1",
        "eslint-formatter-autolinkable-stylish": "1.1.4",
        "eslint-plugin-import": "2.22.1",
        "eslint-plugin-jsdoc": "30.7.6",
        "eslint-plugin-no-null": "1.0.2",
        "fancy-log": "latest",
        "fs-extra": "^9.0.0",
        "glob": "latest",
        "gulp": "^4.0.0",
        "gulp-concat": "latest",
        "gulp-insert": "latest",
        "gulp-newer": "latest",
        "gulp-rename": "latest",
        "gulp-sourcemaps": "latest",
        "merge2": "latest",
        "minimist": "latest",
        "mkdirp": "latest",
        "mocha": "latest",
        "mocha-fivemat-progress-reporter": "latest",
        "ms": "^2.1.3",
        "node-fetch": "^2.6.1",
        "prex": "^0.4.3",
        "q": "latest",
        "source-map-support": "latest",
        "typescript": "^4.5.5",
        "vinyl": "latest",
        "vinyl-sourcemaps-apply": "latest",
        "xml2js": "^0.4.19"
      }
    },
    "vite": {
      "version": "file:../../node_modules/.pnpm/registry.npmmirror.com+vite@3.0.0/node_modules/vite",
      "requires": {
        "@ampproject/remapping": "^2.2.0",
        "@babel/parser": "^7.18.8",
        "@babel/types": "^7.18.8",
        "@jridgewell/trace-mapping": "^0.3.14",
        "@rollup/plugin-alias": "^3.1.9",
        "@rollup/plugin-commonjs": "^22.0.1",
        "@rollup/plugin-dynamic-import-vars": "^1.4.3",
        "@rollup/plugin-json": "^4.1.0",
        "@rollup/plugin-node-resolve": "13.3.0",
        "@rollup/plugin-typescript": "^8.3.3",
        "@rollup/pluginutils": "^4.2.1",
        "@vue/compiler-dom": "^3.2.37",
        "acorn": "^8.7.1",
        "cac": "^6.7.12",
        "chokidar": "^3.5.3",
        "connect": "^3.7.0",
        "connect-history-api-fallback": "^2.0.0",
        "convert-source-map": "^1.8.0",
        "cors": "^2.8.5",
        "cross-spawn": "^7.0.3",
        "debug": "^4.3.4",
        "dotenv": "^14.3.2",
        "dotenv-expand": "^5.1.0",
        "es-module-lexer": "^0.10.5",
        "esbuild": "^0.14.47",
        "estree-walker": "^3.0.1",
        "etag": "^1.8.1",
        "fast-glob": "^3.2.11",
        "fsevents": "~2.3.2",
        "http-proxy": "^1.18.1",
        "json5": "^2.2.1",
        "launch-editor-middleware": "^2.4.0",
        "magic-string": "^0.26.2",
        "micromatch": "^4.0.5",
        "mlly": "^0.5.4",
        "mrmime": "^1.0.1",
        "okie": "^1.0.1",
        "open": "^8.4.0",
        "periscopic": "^3.0.4",
        "picocolors": "^1.0.0",
        "postcss": "^8.4.14",
        "postcss-import": "^14.1.0",
        "postcss-load-config": "^4.0.1",
        "postcss-modules": "^4.3.1",
        "resolve": "^1.22.1",
        "resolve.exports": "^1.1.0",
        "rollup": "^2.75.6",
        "rollup-plugin-license": "^2.8.1",
        "sirv": "^2.0.2",
        "source-map-js": "^1.0.2",
        "source-map-support": "^0.5.21",
        "strip-ansi": "^7.0.1",
        "strip-literal": "^0.4.0",
        "tsconfck": "^2.0.1",
        "tslib": "^2.4.0",
        "types": "link:./types",
        "ufo": "^0.8.5",
        "ws": "^8.8.0"
      }
    },
    "w3c-keyname": {
      "version": "2.2.4",
      "resolved": "https://registry.npmmirror.com/w3c-keyname/-/w3c-keyname-2.2.4.tgz",
      "integrity": "sha512-tOhfEwEzFLJzf6d1ZPkYfGj+FWhIpBux9ppoP3rlclw3Z0BZv3N7b7030Z1kYth+6rDuAsXUFr+d0VE6Ed1ikw=="
    }
  }
}
